{
  "lockfile_version": "1",
  "packages": {
    "python@3.12": {
      "last_modified": "2024-05-12T16:19:40Z",
      "plugin_version": "0.0.3",
      "resolved": "github:NixOS/nixpkgs/3281bec7174f679eabf584591e75979a258d8c40#python312",
      "source": "devbox-search",
      "version": "3.12.3",
      "systems": {
        "aarch64-darwin": {
          "outputs": [
            {
              "name": "out",
              "path": "/nix/store/2r8fbgpabanb42zbdm4lngayc35wby8i-python3-3.12.3",
              "default": true
            }
          ],
          "store_path": "/nix/store/2r8fbgpabanb42zbdm4lngayc35wby8i-python3-3.12.3"
        },
        "aarch64-linux": {
          "outputs": [
            {
              "name": "out",
              "path": "/nix/store/4x92cw7ahfrydbkvy2046y1ajh5h96wv-python3-3.12.3",
              "default": true
            },
            {
              "name": "debug",
              "path": "/nix/store/hkr5il88jm4yr9vwcn4r80wi7jzm8djh-python3-3.12.3-debug"
            }
          ],
          "store_path": "/nix/store/4x92cw7ahfrydbkvy2046y1ajh5h96wv-python3-3.12.3"
        },
        "x86_64-darwin": {
          "outputs": [
            {
              "name": "out",
              "path": "/nix/store/rwz9yjv8q79fmcfs1vd0iybxpqnvgy1h-python3-3.12.3",
              "default": true
            }
          ],
          "store_path": "/nix/store/rwz9yjv8q79fmcfs1vd0iybxpqnvgy1h-python3-3.12.3"
        },
        "x86_64-linux": {
          "outputs": [
            {
              "name": "out",
              "path": "/nix/store/73fmjgr5khqi62zmpjhjkmggyra0sxmq-python3-3.12.3",
              "default": true
            },
            {
              "name": "debug",
              "path": "/nix/store/n3y5khn07cvpswgpwylkgvzhx6cyywd0-python3-3.12.3-debug"
            }
          ],
          "store_path": "/nix/store/73fmjgr5khqi62zmpjhjkmggyra0sxmq-python3-3.12.3"
        }
      }
    }
  }
}
